
Microsoft Visual Studio Solution File, Format Version 12.00
# Visual Studio Version 16
VisualStudioVersion = 16.0.31729.503
MinimumVisualStudioVersion = 10.0.40219.1
Project("{FAE04EC0-301F-11D3-BF4B-00C04F79EFBC}") = "sinema_otomasyonu", "sinema_otomasyonu\sinema_otomasyonu.csproj", "{27A4B924-3D73-411A-8408-818945843A6E}"
EndProject
Global
	GlobalSection(SolutionConfigurationPlatforms) = preSolution
		Debug|Any CPU = Debug|Any CPU
		Release|Any CPU = Release|Any CPU
	EndGlobalSection
	GlobalSection(ProjectConfigurationPlatforms) = postSolution
		{27A4B924-3D73-411A-8408-818945843A6E}.Debug|Any CPU.ActiveCfg = Debug|Any CPU
		{27A4B924-3D73-411A-8408-818945843A6E}.Debug|Any CPU.Build.0 = Debug|Any CPU
		{27A4B924-3D73-411A-8408-818945843A6E}.Release|Any CPU.ActiveCfg = Release|Any CPU
		{27A4B924-3D73-411A-8408-818945843A6E}.Release|Any CPU.Build.0 = Release|Any CPU
	EndGlobalSection
	GlobalSection(SolutionProperties) = preSolution
		HideSolutionNode = FALSE
	EndGlobalSection
	GlobalSection(ExtensibilityGlobals) = postSolution
		SolutionGuid = {6DB18BFF-C1B6-4479-AC97-AD665ABA1410}
	EndGlobalSection
EndGlobal
